// !$*UTF8*$!
{
	archiveVersion = 1;
	classes = {
	};
	objectVersion = 46;
	objects = {

/* Begin PBXBuildFile section */
		425724D91CC94A6600AB7F1F /* AppDelegate.swift in Sources */ = {isa = PBXBuildFile; fileRef = 425724D81CC94A6600AB7F1F /* AppDelegate.swift */; };
		425724DB1CC94A6600AB7F1F /* demoViewController.swift in Sources */ = {isa = PBXBuildFile; fileRef = 425724DA1CC94A6600AB7F1F /* demoViewController.swift */; };
		425724DE1CC94A6600AB7F1F /* Main.storyboard in Resources */ = {isa = PBXBuildFile; fileRef = 425724DC1CC94A6600AB7F1F /* Main.storyboard */; };
		425724E01CC94A6600AB7F1F /* Assets.xcassets in Resources */ = {isa = PBXBuildFile; fileRef = 425724DF1CC94A6600AB7F1F /* Assets.xcassets */; };
		425724E31CC94A6600AB7F1F /* LaunchScreen.storyboard in Resources */ = {isa = PBXBuildFile; fileRef = 425724E11CC94A6600AB7F1F /* LaunchScreen.storyboard */; };
		425724EC1CC94EC000AB7F1F /* RUSwiftTypewriterLabel.swift in Sources */ = {isa = PBXBuildFile; fileRef = 425724EB1CC94EC000AB7F1F /* RUSwiftTypewriterLabel.swift */; };
/* End PBXBuildFile section */

/* Begin PBXFileReference section */
		425724D51CC94A6600AB7F1F /* RUSwiftTypewriterLabelExample.app */ = {isa = PBXFileReference; explicitFileType = wrapper.application; includeInIndex = 0; path = RUSwiftTypewriterLabelExample.app; sourceTree = BUILT_PRODUCTS_DIR; };
		425724D81CC94A6600AB7F1F /* AppDelegate.swift */ = {isa = PBXFileReference; lastKnownFileType = sourcecode.swift; path = AppDelegate.swift; sourceTree = "<group>"; };
		425724DA1CC94A6600AB7F1F /* demoViewController.swift */ = {isa = PBXFileReference; lastKnownFileType = sourcecode.swift; path = demoViewController.swift; sourceTree = "<group>"; };
		425724DD1CC94A6600AB7F1F /* Base */ = {isa = PBXFileReference; lastKnownFileType = file.storyboard; name = Base; path = Base.lproj/Main.storyboard; sourceTree = "<group>"; };
		425724DF1CC94A6600AB7F1F /* Assets.xcassets */ = {isa = PBXFileReference; lastKnownFileType = folder.assetcatalog; path = Assets.xcassets; sourceTree = "<group>"; };
		425724E21CC94A6600AB7F1F /* Base */ = {isa = PBXFileReference; lastKnownFileType = file.storyboard; name = Base; path = Base.lproj/LaunchScreen.storyboard; sourceTree = "<group>"; };
		425724E41CC94A6600AB7F1F /* Info.plist */ = {isa = PBXFileReference; lastKnownFileType = text.plist.xml; path = Info.plist; sourceTree = "<group>"; };
		425724EB1CC94EC000AB7F1F /* RUSwiftTypewriterLabel.swift */ = {isa = PBXFileReference; fileEncoding = 4; lastKnownFileType = sourcecode.swift; path = RUSwiftTypewriterLabel.swift; sourceTree = "<group>"; };
/* End PBXFileReference section */

/* Begin PBXFrameworksBuildPhase section */
		425724D21CC94A6600AB7F1F /* Frameworks */ = {
			isa = PBXFrameworksBuildPhase;
			buildActionMask = 2147483647;
			files = (
			);
			runOnlyForDeploymentPostprocessing = 0;
		};
/* End PBXFrameworksBuildPhase section */

/* Begin PBXGroup section */
		425724CC1CC94A6600AB7F1F = {
			isa = PBXGroup;
			children = (
				425724D71CC94A6600AB7F1F /* RUSwiftTypewriterLabelExample */,
				425724EA1CC94A7600AB7F1F /* RUSwiftTypewriterLabel */,
				425724D61CC94A6600AB7F1F /* Products */,
			);
			sourceTree = "<group>";
		};
		425724D61CC94A6600AB7F1F /* Products */ = {
			isa = PBXGroup;
			children = (
				425724D51CC94A6600AB7F1F /* RUSwiftTypewriterLabelExample.app */,
			);
			name = Products;
			sourceTree = "<group>";
		};
		425724D71CC94A6600AB7F1F /* RUSwiftTypewriterLabelExample */ = {
			isa = PBXGroup;
			children = (
				425724D81CC94A6600AB7F1F /* AppDelegate.swift */,
				425724DA1CC94A6600AB7F1F /* demoViewController.swift */,
				425724DC1CC94A6600AB7F1F /* Main.storyboard */,
				425724DF1CC94A6600AB7F1F /* Assets.xcassets */,
				425724E11CC94A6600AB7F1F /* LaunchScreen.storyboard */,
				425724E41CC94A6600AB7F1F /* Info.plist */,
			);
			path = RUSwiftTypewriterLabelExample;
			sourceTree = "<group>";
		};
		425724EA1CC94A7600AB7F1F /* RUSwiftTypewriterLabel */ = {
			isa = PBXGroup;
			children = (
				425724EB1CC94EC000AB7F1F /* RUSwiftTypewriterLabel.swift */,
			);
			path = RUSwiftTypewriterLabel;
			sourceTree = "<group>";
		};
/* End PBXGroup section */

/* Begin PBXNativeTarget section */
		425724D41CC94A6600AB7F1F /* RUSwiftTypewriterLabelExample */ = {
			isa = PBXNativeTarget;
			buildConfigurationList = 425724E71CC94A6600AB7F1F /* Build configuration list for PBXNativeTarget "RUSwiftTypewriterLabelExample" */;
			buildPhases = (
				425724D11CC94A6600AB7F1F /* Sources */,
				425724D21CC94A6600AB7F1F /* Frameworks */,
				425724D31CC94A6600AB7F1F /* Resources */,
			);
			buildRules = (
			);
			dependencies = (
			);
			name = RUSwiftTypewriterLabelExample;
			productName = RUSwiftTypewriterLabelExample;
			productReference = 425724D51CC94A6600AB7F1F /* RUSwiftTypewriterLabelExample.app */;
			productType = "com.apple.product-type.application";
		};
/* End PBXNativeTarget section */

/* Begin PBXProject section */
		425724CD1CC94A6600AB7F1F /* Project object */ = {
			isa = PBXProject;
			attributes = {
				LastSwiftUpdateCheck = 0730;
				LastUpgradeCheck = 0730;
				ORGANIZATIONNAME = "Ritvik Upadhyaya";
				TargetAttributes = {
					425724D41CC94A6600AB7F1F = {
						CreatedOnToolsVersion = 7.3;
					};
				};
			};
			buildConfigurationList = 425724D01CC94A6600AB7F1F /* Build configuration list for PBXProject "RUSwiftTypewriterLabelExample" */;
			compatibilityVersion = "Xcode 3.2";
			developmentRegion = English;
			hasScannedForEncodings = 0;
			knownRegions = (
				en,
				Base,
			);
			mainGroup = 425724CC1CC94A6600AB7F1F;
			productRefGroup = 425724D61CC94A6600AB7F1F /* Products */;
			projectDirPath = "";
			projectRoot = "";
			targets = (
				425724D41CC94A6600AB7F1F /* RUSwiftTypewriterLabelExample */,
			);
		};
/* End PBXProject section */

/* Begin PBXResourcesBuildPhase section */
		425724D31CC94A6600AB7F1F /* Resources */ = {
			isa = PBXResourcesBuildPhase;
			buildActionMask = 2147483647;
			files = (
				425724E31CC94A6600AB7F1F /* LaunchScreen.storyboard in Resources */,
				425724E01CC94A6600AB7F1F /* Assets.xcassets in Resources */,
				425724DE1CC94A6600AB7F1F /* Main.storyboard in Resources */,
			);
			runOnlyForDeploymentPostprocessing = 0;
		};
/* End PBXResourcesBuildPhase section */

/* Begin PBXSourcesBuildPhase section */
		425724D11CC94A6600AB7F1F /* Sources */ = {
			isa = PBXSourcesBuildPhase;
			buildActionMask = 2147483647;
			files = (
				425724EC1CC94EC000AB7F1F /* RUSwiftTypewriterLabel.swift in Sources */,
				425724DB1CC94A6600AB7F1F /* demoViewController.swift in Sources */,
				425724D91CC94A6600AB7F1F /* AppDelegate.swift in Sources */,
			);
			runOnlyForDeploymentPostprocessing = 0;
		};
/* End PBXSourcesBuildPhase section */

/* Begin PBXVariantGroup section */
		425724DC1CC94A6600AB7F1F /* Main.storyboard */ = {
			isa = PBXVariantGroup;
			children = (
				425724DD1CC94A6600AB7F1F /* Base */,
			);
			name = Main.storyboard;
			sourceTree = "<group>";
		};
		425724E11CC94A6600AB7F1F /* LaunchScreen.storyboard */ = {
			isa = PBXVariantGroup;
			children = (
				425724E21CC94A6600AB7F1F /* Base */,
			);
			name = LaunchScreen.storyboard;
			sourceTree = "<group>";
		};
/* End PBXVariantGroup section */

/* Begin XCBuildConfiguration section */
		425724E51CC94A6600AB7F1F /* Debug */ = {
			isa = XCBuildConfiguration;
			buildSettings = {
				ALWAYS_SEARCH_USER_PATHS = NO;
				CLANG_ANALYZER_NONNULL = YES;
				CLANG_CXX_LANGUAGE_STANDARD = "gnu++0x";
				CLANG_CXX_LIBRARY = "libc++";
				CLANG_ENABLE_MODULES = YES;
				CLANG_ENABLE_OBJC_ARC = YES;
				CLANG_WARN_BOOL_CONVERSION = YES;
				CLANG_WARN_CONSTANT_CONVERSION = YES;
				CLANG_WARN_DIRECT_OBJC_ISA_USAGE = YES_ERROR;
				CLANG_WARN_EMPTY_BODY = YES;
				CLANG_WARN_ENUM_CONVERSION = YES;
				CLANG_WARN_INT_CONVERSION = YES;
				CLANG_WARN_OBJC_ROOT_CLASS = YES_ERROR;
				CLANG_WARN_UNREACHABLE_CODE = YES;
				CLANG_WARN__DUPLICATE_METHOD_MATCH = YES;
				"CODE_SIGN_IDENTITY[sdk=iphoneos*]" = "iPhone Developer";
				COPY_PHASE_STRIP = NO;
				DEBUG_INFORMATION_FORMAT = dwarf;
				ENABLE_STRICT_OBJC_MSGSEND = YES;
				ENABLE_TESTABILITY = YES;
				GCC_C_LANGUAGE_STANDARD = gnu99;
				GCC_DYNAMIC_NO_PIC = NO;
				GCC_NO_COMMON_BLOCKS = YES;
				GCC_OPTIMIZATION_LEVEL = 0;
				GCC_PREPROCESSOR_DEFINITIONS = (
					"DEBUG=1",
					"$(inherited)",
				);
				GCC_WARN_64_TO_32_BIT_CONVERSION = YES;
				GCC_WARN_ABOUT_RETURN_TYPE = YES_ERROR;
				GCC_WARN_UNDECLARED_SELECTOR = YES;
				GCC_WARN_UNINITIALIZED_AUTOS = YES_AGGRESSIVE;
				GCC_WARN_UNUSED_FUNCTION = YES;
				GCC_WARN_UNUSED_VARIABLE = YES;
				IPHONEOS_DEPLOYMENT_TARGET = 9.3;
				MTL_ENABLE_DEBUG_INFO = YES;
				ONLY_ACTIVE_ARCH = YES;
				SDKROOT = iphoneos;
				SWIFT_OPTIMIZATION_LEVEL = "-Onone";
				TARGETED_DEVICE_FAMILY = "1,2";
			};
			name = Debug;
		};
		425724E61CC94A6600AB7F1F /* Release */ = {
			isa = XCBuildConfiguration;
			buildSettings = {
				ALWAYS_SEARCH_USER_PATHS = NO;
				CLANG_ANALYZER_NONNULL = YES;
				CLANG_CXX_LANGUAGE_STANDARD = "gnu++0x";
				CLANG_CXX_LIBRARY = "libc++";
				CLANG_ENABLE_MODULES = YES;
				CLANG_ENABLE_OBJC_ARC = YES;
				CLANG_WARN_BOOL_CONVERSION = YES;
				CLANG_WARN_CONSTANT_CONVERSION = YES;
				CLANG_WARN_DIRECT_OBJC_ISA_USAGE = YES_ERROR;
				CLANG_WARN_EMPTY_BODY = YES;
				CLANG_WARN_ENUM_CONVERSION = YES;
				CLANG_WARN_INT_CONVERSION = YES;
				CLANG_WARN_OBJC_ROOT_CLASS = YES_ERROR;
				CLANG_WARN_UNREACHABLE_CODE = YES;
				CLANG_WARN__DUPLICATE_METHOD_MATCH = YES;
				"CODE_SIGN_IDENTITY[sdk=iphoneos*]" = "iPhone Developer";
				COPY_PHASE_STRIP = NO;
				DEBUG_INFORMATION_FORMAT = "dwarf-with-dsym";
				ENABLE_NS_ASSERTIONS = NO;
				ENABLE_STRICT_OBJC_MSGSEND = YES;
				GCC_C_LANGUAGE_STANDARD = gnu99;
				GCC_NO_COMMON_BLOCKS = YES;
				GCC_WARN_64_TO_32_BIT_CONVERSION = YES;
				GCC_WARN_ABOUT_RETURN_TYPE = YES_ERROR;
				GCC_WARN_UNDECLARED_SELECTOR = YES;
				GCC_WARN_UNINITIALIZED_AUTOS = YES_AGGRESSIVE;
				GCC_WARN_UNUSED_FUNCTION = YES;
				GCC_WARN_UNUSED_VARIABLE = YES;
				IPHONEOS_DEPLOYMENT_TARGET = 9.3;
				MTL_ENABLE_DEBUG_INFO = NO;
				SDKROOT = iphoneos;
				TARGETED_DEVICE_FAMILY = "1,2";
				VALIDATE_PRODUCT = YES;
			};
			name = Release;
		};
		425724E81CC94A6600AB7F1F /* Debug */ = {
			isa = XCBuildConfiguration;
			buildSettings = {
				ASSETCATALOG_COMPILER_APPICON_NAME = AppIcon;
				INFOPLIST_FILE = RUSwiftTypewriterLabelExample/Info.plist;
				LD_RUNPATH_SEARCH_PATHS = "$(inherited) @executable_path/Frameworks";
				PRODUCT_BUNDLE_IDENTIFIER = ru.RUSwiftTypewriterLabelExample;
				PRODUCT_NAME = "$(TARGET_NAME)";
			};
			name = Debug;
		};
		425724E91CC94A6600AB7F1F /* Release */ = {
			isa = XCBuildConfiguration;
			buildSettings = {
				ASSETCATALOG_COMPILER_APPICON_NAME = AppIcon;
				INFOPLIST_FILE = RUSwiftTypewriterLabelExample/Info.plist;
				LD_RUNPATH_SEARCH_PATHS = "$(inherited) @executable_path/Frameworks";
				PRODUCT_BUNDLE_IDENTIFIER = ru.RUSwiftTypewriterLabelExample;
				PRODUCT_NAME = "$(TARGET_NAME)";
			};
			name = Release;
		};
/* End XCBuildConfiguration section */

/* Begin XCConfigurationList section */
		425724D01CC94A6600AB7F1F /* Build configuration list for PBXProject "RUSwiftTypewriterLabelExample" */ = {
			isa = XCConfigurationList;
			buildConfigurations = (
				425724E51CC94A6600AB7F1F /* Debug */,
				425724E61CC94A6600AB7F1F /* Release */,
			);
			defaultConfigurationIsVisible = 0;
			defaultConfigurationName = Release;
		};
		425724E71CC94A6600AB7F1F /* Build configuration list for PBXNativeTarget "RUSwiftTypewriterLabelExample" */ = {
			isa = XCConfigurationList;
			buildConfigurations = (
				425724E81CC94A6600AB7F1F /* Debug */,
				425724E91CC94A6600AB7F1F /* Release */,
			);
			defaultConfigurationIsVisible = 0;
		};
/* End XCConfigurationList section */
	};
	rootObject = 425724CD1CC94A6600AB7F1F /* Project object */;
}
